
Microsoft Visual Studio Solution File, Format Version 12.00
# Visual Studio Version 16
VisualStudioVersion = 16.0.30503.244
MinimumVisualStudioVersion = 10.0.40219.1
Project("{FAE04EC0-301F-11D3-BF4B-00C04F79EFBC}") = "PresentationLayer", "PresentationLayer\PresentationLayer.csproj", "{2E83401B-3389-43B4-85B7-E50EC9EC3465}"
EndProject
Project("{FAE04EC0-301F-11D3-BF4B-00C04F79EFBC}") = "BusinessLayer", "BusinessLayer\BusinessLayer.csproj", "{979F1E83-7369-4CAC-A34A-6B7FEC2FE6F3}"
EndProject
Project("{FAE04EC0-301F-11D3-BF4B-00C04F79EFBC}") = "DataLayer", "DataLayer\DataLayer.csproj", "{BFE149C7-C71A-4084-83A1-EF787A0A68BC}"
EndProject
Global
	GlobalSection(SolutionConfigurationPlatforms) = preSolution
		Debug|Any CPU = Debug|Any CPU
		Release|Any CPU = Release|Any CPU
	EndGlobalSection
	GlobalSection(ProjectConfigurationPlatforms) = postSolution
		{2E83401B-3389-43B4-85B7-E50EC9EC3465}.Debug|Any CPU.ActiveCfg = Debug|Any CPU
		{2E83401B-3389-43B4-85B7-E50EC9EC3465}.Debug|Any CPU.Build.0 = Debug|Any CPU
		{2E83401B-3389-43B4-85B7-E50EC9EC3465}.Release|Any CPU.ActiveCfg = Release|Any CPU
		{2E83401B-3389-43B4-85B7-E50EC9EC3465}.Release|Any CPU.Build.0 = Release|Any CPU
		{979F1E83-7369-4CAC-A34A-6B7FEC2FE6F3}.Debug|Any CPU.ActiveCfg = Debug|Any CPU
		{979F1E83-7369-4CAC-A34A-6B7FEC2FE6F3}.Debug|Any CPU.Build.0 = Debug|Any CPU
		{979F1E83-7369-4CAC-A34A-6B7FEC2FE6F3}.Release|Any CPU.ActiveCfg = Release|Any CPU
		{979F1E83-7369-4CAC-A34A-6B7FEC2FE6F3}.Release|Any CPU.Build.0 = Release|Any CPU
		{BFE149C7-C71A-4084-83A1-EF787A0A68BC}.Debug|Any CPU.ActiveCfg = Debug|Any CPU
		{BFE149C7-C71A-4084-83A1-EF787A0A68BC}.Debug|Any CPU.Build.0 = Debug|Any CPU
		{BFE149C7-C71A-4084-83A1-EF787A0A68BC}.Release|Any CPU.ActiveCfg = Release|Any CPU
		{BFE149C7-C71A-4084-83A1-EF787A0A68BC}.Release|Any CPU.Build.0 = Release|Any CPU
	EndGlobalSection
	GlobalSection(SolutionProperties) = preSolution
		HideSolutionNode = FALSE
	EndGlobalSection
	GlobalSection(ExtensibilityGlobals) = postSolution
		SolutionGuid = {242C6461-7179-4871-87E1-9CFBAC5136E9}
	EndGlobalSection
EndGlobal
